
Microsoft Visual Studio Solution File, Format Version 12.00
# Visual Studio Version 17
VisualStudioVersion = 17.0.31903.59
MinimumVisualStudioVersion = 10.0.40219.1
Project("{2150E333-8FDC-42A3-9474-1A3956D46DE8}") = "src", "src", "{827E0CD3-B72D-47B6-A68D-7590B98EB39B}"
	ProjectSection(SolutionItems) = preProject
		readme.md = readme.md
	EndProjectSection
EndProject
Project("{FAE04EC0-301F-11D3-BF4B-00C04F79EFBC}") = "SaaSonic.Domain", "src\SaaSonic.Domain\SaaSonic.Domain.csproj", "{89273F32-1472-4C40-9847-62B2807F51C1}"
EndProject
Project("{FAE04EC0-301F-11D3-BF4B-00C04F79EFBC}") = "SaaSonic.Application", "src\SaaSonic.Application\SaaSonic.Application.csproj", "{05A7F38C-01B5-49E2-95F0-CDE0F8AA0E0F}"
EndProject
Project("{FAE04EC0-301F-11D3-BF4B-00C04F79EFBC}") = "SaaSonic.Infrastructure", "src\SaaSonic.Infrastructure\SaaSonic.Infrastructure.csproj", "{B4435EA2-6DA9-4BC8-921D-29B4096C22B1}"
EndProject
Project("{FAE04EC0-301F-11D3-BF4B-00C04F79EFBC}") = "SaaSonic.Api", "src\SaaSonic.Api\SaaSonic.Api.csproj", "{B3A2BF8D-AF1D-45ED-9D7B-73240B26CDDD}"
EndProject
Project("{FAE04EC0-301F-11D3-BF4B-00C04F79EFBC}") = "SaaSonic.Domain.Tests", "tests\SaaSonic.Domain.Tests\SaaSonic.Domain.Tests.csproj", "{5084E1C6-D50A-4B76-AEB1-AB8B22FE537C}"
EndProject
Project("{FAE04EC0-301F-11D3-BF4B-00C04F79EFBC}") = "SaaSonic.Application.Tests", "tests\SaaSonic.Application.Tests\SaaSonic.Application.Tests.csproj", "{EFAB2400-DF17-4B0A-B2CE-636332BF15CC}"
EndProject
Project("{FAE04EC0-301F-11D3-BF4B-00C04F79EFBC}") = "SaaSonic.Api.Tests", "tests\SaaSonic.Api.Tests\SaaSonic.Api.Tests.csproj", "{ACEEEC02-F78C-4114-856D-4C9A18133548}"
EndProject
Project("{2150E333-8FDC-42A3-9474-1A3956D46DE8}") = "tests", "tests", "{02EA681E-C7D8-13C7-8484-4AC65E1B71E8}"
EndProject
Global
	GlobalSection(SolutionConfigurationPlatforms) = preSolution
		Debug|Any CPU = Debug|Any CPU
		Debug|x64 = Debug|x64
		Debug|x86 = Debug|x86
		Release|Any CPU = Release|Any CPU
		Release|x64 = Release|x64
		Release|x86 = Release|x86
	EndGlobalSection
	GlobalSection(ProjectConfigurationPlatforms) = postSolution
		{89273F32-1472-4C40-9847-62B2807F51C1}.Debug|Any CPU.ActiveCfg = Debug|Any CPU
		{89273F32-1472-4C40-9847-62B2807F51C1}.Debug|Any CPU.Build.0 = Debug|Any CPU
		{89273F32-1472-4C40-9847-62B2807F51C1}.Debug|x64.ActiveCfg = Debug|Any CPU
		{89273F32-1472-4C40-9847-62B2807F51C1}.Debug|x64.Build.0 = Debug|Any CPU
		{89273F32-1472-4C40-9847-62B2807F51C1}.Debug|x86.ActiveCfg = Debug|Any CPU
		{89273F32-1472-4C40-9847-62B2807F51C1}.Debug|x86.Build.0 = Debug|Any CPU
		{89273F32-1472-4C40-9847-62B2807F51C1}.Release|Any CPU.ActiveCfg = Release|Any CPU
		{89273F32-1472-4C40-9847-62B2807F51C1}.Release|Any CPU.Build.0 = Release|Any CPU
		{89273F32-1472-4C40-9847-62B2807F51C1}.Release|x64.ActiveCfg = Release|Any CPU
		{89273F32-1472-4C40-9847-62B2807F51C1}.Release|x64.Build.0 = Release|Any CPU
		{89273F32-1472-4C40-9847-62B2807F51C1}.Release|x86.ActiveCfg = Release|Any CPU
		{89273F32-1472-4C40-9847-62B2807F51C1}.Release|x86.Build.0 = Release|Any CPU
		{05A7F38C-01B5-49E2-95F0-CDE0F8AA0E0F}.Debug|Any CPU.ActiveCfg = Debug|Any CPU
		{05A7F38C-01B5-49E2-95F0-CDE0F8AA0E0F}.Debug|Any CPU.Build.0 = Debug|Any CPU
		{05A7F38C-01B5-49E2-95F0-CDE0F8AA0E0F}.Debug|x64.ActiveCfg = Debug|Any CPU
		{05A7F38C-01B5-49E2-95F0-CDE0F8AA0E0F}.Debug|x64.Build.0 = Debug|Any CPU
		{05A7F38C-01B5-49E2-95F0-CDE0F8AA0E0F}.Debug|x86.ActiveCfg = Debug|Any CPU
		{05A7F38C-01B5-49E2-95F0-CDE0F8AA0E0F}.Debug|x86.Build.0 = Debug|Any CPU
		{05A7F38C-01B5-49E2-95F0-CDE0F8AA0E0F}.Release|Any CPU.ActiveCfg = Release|Any CPU
		{05A7F38C-01B5-49E2-95F0-CDE0F8AA0E0F}.Release|Any CPU.Build.0 = Release|Any CPU
		{05A7F38C-01B5-49E2-95F0-CDE0F8AA0E0F}.Release|x64.ActiveCfg = Release|Any CPU
		{05A7F38C-01B5-49E2-95F0-CDE0F8AA0E0F}.Release|x64.Build.0 = Release|Any CPU
		{05A7F38C-01B5-49E2-95F0-CDE0F8AA0E0F}.Release|x86.ActiveCfg = Release|Any CPU
		{05A7F38C-01B5-49E2-95F0-CDE0F8AA0E0F}.Release|x86.Build.0 = Release|Any CPU
		{B4435EA2-6DA9-4BC8-921D-29B4096C22B1}.Debug|Any CPU.ActiveCfg = Debug|Any CPU
		{B4435EA2-6DA9-4BC8-921D-29B4096C22B1}.Debug|Any CPU.Build.0 = Debug|Any CPU
		{B4435EA2-6DA9-4BC8-921D-29B4096C22B1}.Debug|x64.ActiveCfg = Debug|Any CPU
		{B4435EA2-6DA9-4BC8-921D-29B4096C22B1}.Debug|x64.Build.0 = Debug|Any CPU
		{B4435EA2-6DA9-4BC8-921D-29B4096C22B1}.Debug|x86.ActiveCfg = Debug|Any CPU
		{B4435EA2-6DA9-4BC8-921D-29B4096C22B1}.Debug|x86.Build.0 = Debug|Any CPU
		{B4435EA2-6DA9-4BC8-921D-29B4096C22B1}.Release|Any CPU.ActiveCfg = Release|Any CPU
		{B4435EA2-6DA9-4BC8-921D-29B4096C22B1}.Release|Any CPU.Build.0 = Release|Any CPU
		{B4435EA2-6DA9-4BC8-921D-29B4096C22B1}.Release|x64.ActiveCfg = Release|Any CPU
		{B4435EA2-6DA9-4BC8-921D-29B4096C22B1}.Release|x64.Build.0 = Release|Any CPU
		{B4435EA2-6DA9-4BC8-921D-29B4096C22B1}.Release|x86.ActiveCfg = Release|Any CPU
		{B4435EA2-6DA9-4BC8-921D-29B4096C22B1}.Release|x86.Build.0 = Release|Any CPU
		{B3A2BF8D-AF1D-45ED-9D7B-73240B26CDDD}.Debug|Any CPU.ActiveCfg = Debug|Any CPU
		{B3A2BF8D-AF1D-45ED-9D7B-73240B26CDDD}.Debug|Any CPU.Build.0 = Debug|Any CPU
		{B3A2BF8D-AF1D-45ED-9D7B-73240B26CDDD}.Debug|x64.ActiveCfg = Debug|Any CPU
		{B3A2BF8D-AF1D-45ED-9D7B-73240B26CDDD}.Debug|x64.Build.0 = Debug|Any CPU
		{B3A2BF8D-AF1D-45ED-9D7B-73240B26CDDD}.Debug|x86.ActiveCfg = Debug|Any CPU
		{B3A2BF8D-AF1D-45ED-9D7B-73240B26CDDD}.Debug|x86.Build.0 = Debug|Any CPU
		{B3A2BF8D-AF1D-45ED-9D7B-73240B26CDDD}.Release|Any CPU.ActiveCfg = Release|Any CPU
		{B3A2BF8D-AF1D-45ED-9D7B-73240B26CDDD}.Release|Any CPU.Build.0 = Release|Any CPU
		{B3A2BF8D-AF1D-45ED-9D7B-73240B26CDDD}.Release|x64.ActiveCfg = Release|Any CPU
		{B3A2BF8D-AF1D-45ED-9D7B-73240B26CDDD}.Release|x64.Build.0 = Release|Any CPU
		{B3A2BF8D-AF1D-45ED-9D7B-73240B26CDDD}.Release|x86.ActiveCfg = Release|Any CPU
		{B3A2BF8D-AF1D-45ED-9D7B-73240B26CDDD}.Release|x86.Build.0 = Release|Any CPU
		{5084E1C6-D50A-4B76-AEB1-AB8B22FE537C}.Debug|Any CPU.ActiveCfg = Debug|Any CPU
		{5084E1C6-D50A-4B76-AEB1-AB8B22FE537C}.Debug|Any CPU.Build.0 = Debug|Any CPU
		{5084E1C6-D50A-4B76-AEB1-AB8B22FE537C}.Debug|x64.ActiveCfg = Debug|Any CPU
		{5084E1C6-D50A-4B76-AEB1-AB8B22FE537C}.Debug|x64.Build.0 = Debug|Any CPU
		{5084E1C6-D50A-4B76-AEB1-AB8B22FE537C}.Debug|x86.ActiveCfg = Debug|Any CPU
		{5084E1C6-D50A-4B76-AEB1-AB8B22FE537C}.Debug|x86.Build.0 = Debug|Any CPU
		{5084E1C6-D50A-4B76-AEB1-AB8B22FE537C}.Release|Any CPU.ActiveCfg = Release|Any CPU
		{5084E1C6-D50A-4B76-AEB1-AB8B22FE537C}.Release|Any CPU.Build.0 = Release|Any CPU
		{5084E1C6-D50A-4B76-AEB1-AB8B22FE537C}.Release|x64.ActiveCfg = Release|Any CPU
		{5084E1C6-D50A-4B76-AEB1-AB8B22FE537C}.Release|x64.Build.0 = Release|Any CPU
		{5084E1C6-D50A-4B76-AEB1-AB8B22FE537C}.Release|x86.ActiveCfg = Release|Any CPU
		{5084E1C6-D50A-4B76-AEB1-AB8B22FE537C}.Release|x86.Build.0 = Release|Any CPU
		{EFAB2400-DF17-4B0A-B2CE-636332BF15CC}.Debug|Any CPU.ActiveCfg = Debug|Any CPU
		{EFAB2400-DF17-4B0A-B2CE-636332BF15CC}.Debug|Any CPU.Build.0 = Debug|Any CPU
		{EFAB2400-DF17-4B0A-B2CE-636332BF15CC}.Debug|x64.ActiveCfg = Debug|Any CPU
		{EFAB2400-DF17-4B0A-B2CE-636332BF15CC}.Debug|x64.Build.0 = Debug|Any CPU
		{EFAB2400-DF17-4B0A-B2CE-636332BF15CC}.Debug|x86.ActiveCfg = Debug|Any CPU
		{EFAB2400-DF17-4B0A-B2CE-636332BF15CC}.Debug|x86.Build.0 = Debug|Any CPU
		{EFAB2400-DF17-4B0A-B2CE-636332BF15CC}.Release|Any CPU.ActiveCfg = Release|Any CPU
		{EFAB2400-DF17-4B0A-B2CE-636332BF15CC}.Release|Any CPU.Build.0 = Release|Any CPU
		{EFAB2400-DF17-4B0A-B2CE-636332BF15CC}.Release|x64.ActiveCfg = Release|Any CPU
		{EFAB2400-DF17-4B0A-B2CE-636332BF15CC}.Release|x64.Build.0 = Release|Any CPU
		{EFAB2400-DF17-4B0A-B2CE-636332BF15CC}.Release|x86.ActiveCfg = Release|Any CPU
		{EFAB2400-DF17-4B0A-B2CE-636332BF15CC}.Release|x86.Build.0 = Release|Any CPU
		{ACEEEC02-F78C-4114-856D-4C9A18133548}.Debug|Any CPU.ActiveCfg = Debug|Any CPU
		{ACEEEC02-F78C-4114-856D-4C9A18133548}.Debug|Any CPU.Build.0 = Debug|Any CPU
		{ACEEEC02-F78C-4114-856D-4C9A18133548}.Debug|x64.ActiveCfg = Debug|Any CPU
		{ACEEEC02-F78C-4114-856D-4C9A18133548}.Debug|x64.Build.0 = Debug|Any CPU
		{ACEEEC02-F78C-4114-856D-4C9A18133548}.Debug|x86.ActiveCfg = Debug|Any CPU
		{ACEEEC02-F78C-4114-856D-4C9A18133548}.Debug|x86.Build.0 = Debug|Any CPU
		{ACEEEC02-F78C-4114-856D-4C9A18133548}.Release|Any CPU.ActiveCfg = Release|Any CPU
		{ACEEEC02-F78C-4114-856D-4C9A18133548}.Release|Any CPU.Build.0 = Release|Any CPU
		{ACEEEC02-F78C-4114-856D-4C9A18133548}.Release|x64.ActiveCfg = Release|Any CPU
		{ACEEEC02-F78C-4114-856D-4C9A18133548}.Release|x64.Build.0 = Release|Any CPU
		{ACEEEC02-F78C-4114-856D-4C9A18133548}.Release|x86.ActiveCfg = Release|Any CPU
		{ACEEEC02-F78C-4114-856D-4C9A18133548}.Release|x86.Build.0 = Release|Any CPU
	EndGlobalSection
	GlobalSection(SolutionProperties) = preSolution
		HideSolutionNode = FALSE
	EndGlobalSection
	GlobalSection(NestedProjects) = preSolution
		{89273F32-1472-4C40-9847-62B2807F51C1} = {827E0CD3-B72D-47B6-A68D-7590B98EB39B}
		{05A7F38C-01B5-49E2-95F0-CDE0F8AA0E0F} = {827E0CD3-B72D-47B6-A68D-7590B98EB39B}
		{B4435EA2-6DA9-4BC8-921D-29B4096C22B1} = {827E0CD3-B72D-47B6-A68D-7590B98EB39B}
		{B3A2BF8D-AF1D-45ED-9D7B-73240B26CDDD} = {827E0CD3-B72D-47B6-A68D-7590B98EB39B}
		{5084E1C6-D50A-4B76-AEB1-AB8B22FE537C} = {02EA681E-C7D8-13C7-8484-4AC65E1B71E8}
		{EFAB2400-DF17-4B0A-B2CE-636332BF15CC} = {02EA681E-C7D8-13C7-8484-4AC65E1B71E8}
		{ACEEEC02-F78C-4114-856D-4C9A18133548} = {02EA681E-C7D8-13C7-8484-4AC65E1B71E8}
	EndGlobalSection
EndGlobal
